
Microsoft Visual Studio Solution File, Format Version 12.00
# Visual Studio Version 17
VisualStudioVersion = 17.11.35219.272
MinimumVisualStudioVersion = 10.0.40219.1
Project("{FAE04EC0-301F-11D3-BF4B-00C04F79EFBC}") = "ContosoUni", "ContosoUni\ContosoUni.csproj", "{8855AC9B-52A5-4336-8F93-349FDF79C3F2}"
EndProject
Global
	GlobalSection(SolutionConfigurationPlatforms) = preSolution
		Debug|Any CPU = Debug|Any CPU
		Release|Any CPU = Release|Any CPU
	EndGlobalSection
	GlobalSection(ProjectConfigurationPlatforms) = postSolution
		{8855AC9B-52A5-4336-8F93-349FDF79C3F2}.Debug|Any CPU.ActiveCfg = Debug|Any CPU
		{8855AC9B-52A5-4336-8F93-349FDF79C3F2}.Debug|Any CPU.Build.0 = Debug|Any CPU
		{8855AC9B-52A5-4336-8F93-349FDF79C3F2}.Release|Any CPU.ActiveCfg = Release|Any CPU
		{8855AC9B-52A5-4336-8F93-349FDF79C3F2}.Release|Any CPU.Build.0 = Release|Any CPU
	EndGlobalSection
	GlobalSection(SolutionProperties) = preSolution
		HideSolutionNode = FALSE
	EndGlobalSection
	GlobalSection(ExtensibilityGlobals) = postSolution
		SolutionGuid = {812ABF1F-09B0-41ED-A211-473B84ECBD58}
	EndGlobalSection
EndGlobal
